
Microsoft Visual Studio Solution File, Format Version 12.00
# Visual Studio Version 17
VisualStudioVersion = 17.1.32210.238
MinimumVisualStudioVersion = 10.0.40219.1
Project("{FAE04EC0-301F-11D3-BF4B-00C04F79EFBC}") = "NISsoftver", "NISsoftver.csproj", "{9FDB06E5-F164-4496-A13B-B9300CC828CA}"
EndProject
Global
	GlobalSection(SolutionConfigurationPlatforms) = preSolution
		Debug|Any CPU = Debug|Any CPU
		Release|Any CPU = Release|Any CPU
	EndGlobalSection
	GlobalSection(ProjectConfigurationPlatforms) = postSolution
		{9FDB06E5-F164-4496-A13B-B9300CC828CA}.Debug|Any CPU.ActiveCfg = Debug|Any CPU
		{9FDB06E5-F164-4496-A13B-B9300CC828CA}.Debug|Any CPU.Build.0 = Debug|Any CPU
		{9FDB06E5-F164-4496-A13B-B9300CC828CA}.Release|Any CPU.ActiveCfg = Release|Any CPU
		{9FDB06E5-F164-4496-A13B-B9300CC828CA}.Release|Any CPU.Build.0 = Release|Any CPU
	EndGlobalSection
	GlobalSection(SolutionProperties) = preSolution
		HideSolutionNode = FALSE
	EndGlobalSection
	GlobalSection(ExtensibilityGlobals) = postSolution
		SolutionGuid = {1E274213-F2A6-409E-93C8-B49A724BDF39}
	EndGlobalSection
EndGlobal
